
Microsoft Visual Studio Solution File, Format Version 12.00
# Visual Studio 15
VisualStudioVersion = 15.0.27703.2042
MinimumVisualStudioVersion = 10.0.40219.1
Project("{9A19103F-16F7-4668-BE54-9A1E7A4F7556}") = "P02-OddFilter", "P02-OddFilter\P02-OddFilter.csproj", "{19A534A3-6BFC-498A-89C2-9222EA335BCF}"
EndProject
Project("{9A19103F-16F7-4668-BE54-9A1E7A4F7556}") = "P03-ImmuneSystem", "P03-ImmuneSystem\P03-ImmuneSystem.csproj", "{0A699BA8-97C9-418C-867C-3E4D3568E56C}"
EndProject
Project("{9A19103F-16F7-4668-BE54-9A1E7A4F7556}") = "P05-ParkingValidation", "P05-ParingValidation\P05-ParkingValidation.csproj", "{6DB75334-BB1D-40B2-859C-D02C6DA4063F}"
EndProject
Project("{9A19103F-16F7-4668-BE54-9A1E7A4F7556}") = "P07-TakeSkipRope", "P07-TakeSkipRope\P07-TakeSkipRope.csproj", "{C08D1C12-0BBB-4A35-8D22-DFF052861A5D}"
EndProject
Project("{9A19103F-16F7-4668-BE54-9A1E7A4F7556}") = "P01-SortTimes", "P01-SortTimes\P01-SortTimes.csproj", "{8A91DB6E-3CB6-49D9-A99F-4340E39F5C9D}"
EndProject
Project("{9A19103F-16F7-4668-BE54-9A1E7A4F7556}") = "P04-SupermarketDatabase", "P04-SupermarketDatabase\P04-SupermarketDatabase.csproj", "{11B8C13F-AD2C-4141-AAA3-653D78010F81}"
EndProject
Project("{FAE04EC0-301F-11D3-BF4B-00C04F79EFBC}") = "P06-ByteFlip", "P06-ByteFlip\P06-ByteFlip.csproj", "{FDD2288E-F238-4CD7-AB4D-172856FE9355}"
EndProject
Global
	GlobalSection(SolutionConfigurationPlatforms) = preSolution
		Debug|Any CPU = Debug|Any CPU
		Release|Any CPU = Release|Any CPU
	EndGlobalSection
	GlobalSection(ProjectConfigurationPlatforms) = postSolution
		{19A534A3-6BFC-498A-89C2-9222EA335BCF}.Debug|Any CPU.ActiveCfg = Debug|Any CPU
		{19A534A3-6BFC-498A-89C2-9222EA335BCF}.Debug|Any CPU.Build.0 = Debug|Any CPU
		{19A534A3-6BFC-498A-89C2-9222EA335BCF}.Release|Any CPU.ActiveCfg = Release|Any CPU
		{19A534A3-6BFC-498A-89C2-9222EA335BCF}.Release|Any CPU.Build.0 = Release|Any CPU
		{0A699BA8-97C9-418C-867C-3E4D3568E56C}.Debug|Any CPU.ActiveCfg = Debug|Any CPU
		{0A699BA8-97C9-418C-867C-3E4D3568E56C}.Debug|Any CPU.Build.0 = Debug|Any CPU
		{0A699BA8-97C9-418C-867C-3E4D3568E56C}.Release|Any CPU.ActiveCfg = Release|Any CPU
		{0A699BA8-97C9-418C-867C-3E4D3568E56C}.Release|Any CPU.Build.0 = Release|Any CPU
		{6DB75334-BB1D-40B2-859C-D02C6DA4063F}.Debug|Any CPU.ActiveCfg = Debug|Any CPU
		{6DB75334-BB1D-40B2-859C-D02C6DA4063F}.Debug|Any CPU.Build.0 = Debug|Any CPU
		{6DB75334-BB1D-40B2-859C-D02C6DA4063F}.Release|Any CPU.ActiveCfg = Release|Any CPU
		{6DB75334-BB1D-40B2-859C-D02C6DA4063F}.Release|Any CPU.Build.0 = Release|Any CPU
		{C08D1C12-0BBB-4A35-8D22-DFF052861A5D}.Debug|Any CPU.ActiveCfg = Debug|Any CPU
		{C08D1C12-0BBB-4A35-8D22-DFF052861A5D}.Debug|Any CPU.Build.0 = Debug|Any CPU
		{C08D1C12-0BBB-4A35-8D22-DFF052861A5D}.Release|Any CPU.ActiveCfg = Release|Any CPU
		{C08D1C12-0BBB-4A35-8D22-DFF052861A5D}.Release|Any CPU.Build.0 = Release|Any CPU
		{8A91DB6E-3CB6-49D9-A99F-4340E39F5C9D}.Debug|Any CPU.ActiveCfg = Debug|Any CPU
		{8A91DB6E-3CB6-49D9-A99F-4340E39F5C9D}.Debug|Any CPU.Build.0 = Debug|Any CPU
		{8A91DB6E-3CB6-49D9-A99F-4340E39F5C9D}.Release|Any CPU.ActiveCfg = Release|Any CPU
		{8A91DB6E-3CB6-49D9-A99F-4340E39F5C9D}.Release|Any CPU.Build.0 = Release|Any CPU
		{11B8C13F-AD2C-4141-AAA3-653D78010F81}.Debug|Any CPU.ActiveCfg = Debug|Any CPU
		{11B8C13F-AD2C-4141-AAA3-653D78010F81}.Debug|Any CPU.Build.0 = Debug|Any CPU
		{11B8C13F-AD2C-4141-AAA3-653D78010F81}.Release|Any CPU.ActiveCfg = Release|Any CPU
		{11B8C13F-AD2C-4141-AAA3-653D78010F81}.Release|Any CPU.Build.0 = Release|Any CPU
		{FDD2288E-F238-4CD7-AB4D-172856FE9355}.Debug|Any CPU.ActiveCfg = Debug|Any CPU
		{FDD2288E-F238-4CD7-AB4D-172856FE9355}.Debug|Any CPU.Build.0 = Debug|Any CPU
		{FDD2288E-F238-4CD7-AB4D-172856FE9355}.Release|Any CPU.ActiveCfg = Release|Any CPU
		{FDD2288E-F238-4CD7-AB4D-172856FE9355}.Release|Any CPU.Build.0 = Release|Any CPU
	EndGlobalSection
	GlobalSection(SolutionProperties) = preSolution
		HideSolutionNode = FALSE
	EndGlobalSection
	GlobalSection(ExtensibilityGlobals) = postSolution
		SolutionGuid = {AEB2BC94-9BDD-4156-B4F0-FC3236788FDD}
	EndGlobalSection
EndGlobal
