
Microsoft Visual Studio Solution File, Format Version 12.00
# Visual Studio 15
VisualStudioVersion = 15.0.28010.2003
MinimumVisualStudioVersion = 10.0.40219.1
Project("{9A19103F-16F7-4668-BE54-9A1E7A4F7556}") = "P01-CountWorkingDays", "P01-CountWorkingDays\P01-CountWorkingDays.csproj", "{8D7D6210-326B-4CDC-A7DC-A63DC6626799}"
EndProject
Project("{9A19103F-16F7-4668-BE54-9A1E7A4F7556}") = "P04-AverageGrades", "P04-AverageGrades\P04-AverageGrades.csproj", "{25640F6B-1B52-4D7F-A90B-238E09C72783}"
EndProject
Project("{9A19103F-16F7-4668-BE54-9A1E7A4F7556}") = "P05-BookLibrary", "P05-BookLibrary\P05-BookLibrary.csproj", "{57A3A04A-52BA-4CA5-B3AD-E7B822D4B11C}"
EndProject
Project("{9A19103F-16F7-4668-BE54-9A1E7A4F7556}") = "P02-AdvertisementMessage", "P02-AdvertisementMessage\P02-AdvertisementMessage.csproj", "{202F98AB-E16B-4561-9073-9FD125AC4B63}"
EndProject
Project("{9A19103F-16F7-4668-BE54-9A1E7A4F7556}") = "P03-CirclesIntersection", "P03-CirclesIntersection\P03-CirclesIntersection.csproj", "{1D017981-0AD3-4344-A43E-81E7AEE9DF89}"
EndProject
Project("{9A19103F-16F7-4668-BE54-9A1E7A4F7556}") = "P06-BookLibraryModification", "P06-BookLibraryModification\P06-BookLibraryModification.csproj", "{2EAB8111-F5D6-498D-8092-62223196B07D}"
EndProject
Project("{9A19103F-16F7-4668-BE54-9A1E7A4F7556}") = "P07-AndreyAndBilliard", "P07-AndreyAndBilliard\P07-AndreyAndBilliard.csproj", "{C2EF5D40-DC6C-495D-934F-9DB710A5E743}"
EndProject
Project("{9A19103F-16F7-4668-BE54-9A1E7A4F7556}") = "P08-MentorGroup", "P08-MentorGroup\P08-MentorGroup.csproj", "{78226B06-DDFA-46E2-8247-DB8A8344AE16}"
EndProject
Project("{9A19103F-16F7-4668-BE54-9A1E7A4F7556}") = "P09-TeamworkProjects", "P09-TeamworkProjects\P09-TeamworkProjects.csproj", "{DD1480D4-254A-445B-A2BA-7149ACB6481C}"
EndProject
Project("{FAE04EC0-301F-11D3-BF4B-00C04F79EFBC}") = "P10-StudentGroups", "P10-StudentGroups\P10-StudentGroups.csproj", "{5BBE6ADB-547B-44C4-BE36-D5D8976A2699}"
EndProject
Global
	GlobalSection(SolutionConfigurationPlatforms) = preSolution
		Debug|Any CPU = Debug|Any CPU
		Release|Any CPU = Release|Any CPU
	EndGlobalSection
	GlobalSection(ProjectConfigurationPlatforms) = postSolution
		{8D7D6210-326B-4CDC-A7DC-A63DC6626799}.Debug|Any CPU.ActiveCfg = Debug|Any CPU
		{8D7D6210-326B-4CDC-A7DC-A63DC6626799}.Debug|Any CPU.Build.0 = Debug|Any CPU
		{8D7D6210-326B-4CDC-A7DC-A63DC6626799}.Release|Any CPU.ActiveCfg = Release|Any CPU
		{8D7D6210-326B-4CDC-A7DC-A63DC6626799}.Release|Any CPU.Build.0 = Release|Any CPU
		{25640F6B-1B52-4D7F-A90B-238E09C72783}.Debug|Any CPU.ActiveCfg = Debug|Any CPU
		{25640F6B-1B52-4D7F-A90B-238E09C72783}.Debug|Any CPU.Build.0 = Debug|Any CPU
		{25640F6B-1B52-4D7F-A90B-238E09C72783}.Release|Any CPU.ActiveCfg = Release|Any CPU
		{25640F6B-1B52-4D7F-A90B-238E09C72783}.Release|Any CPU.Build.0 = Release|Any CPU
		{57A3A04A-52BA-4CA5-B3AD-E7B822D4B11C}.Debug|Any CPU.ActiveCfg = Debug|Any CPU
		{57A3A04A-52BA-4CA5-B3AD-E7B822D4B11C}.Debug|Any CPU.Build.0 = Debug|Any CPU
		{57A3A04A-52BA-4CA5-B3AD-E7B822D4B11C}.Release|Any CPU.ActiveCfg = Release|Any CPU
		{57A3A04A-52BA-4CA5-B3AD-E7B822D4B11C}.Release|Any CPU.Build.0 = Release|Any CPU
		{202F98AB-E16B-4561-9073-9FD125AC4B63}.Debug|Any CPU.ActiveCfg = Debug|Any CPU
		{202F98AB-E16B-4561-9073-9FD125AC4B63}.Debug|Any CPU.Build.0 = Debug|Any CPU
		{202F98AB-E16B-4561-9073-9FD125AC4B63}.Release|Any CPU.ActiveCfg = Release|Any CPU
		{202F98AB-E16B-4561-9073-9FD125AC4B63}.Release|Any CPU.Build.0 = Release|Any CPU
		{1D017981-0AD3-4344-A43E-81E7AEE9DF89}.Debug|Any CPU.ActiveCfg = Debug|Any CPU
		{1D017981-0AD3-4344-A43E-81E7AEE9DF89}.Debug|Any CPU.Build.0 = Debug|Any CPU
		{1D017981-0AD3-4344-A43E-81E7AEE9DF89}.Release|Any CPU.ActiveCfg = Release|Any CPU
		{1D017981-0AD3-4344-A43E-81E7AEE9DF89}.Release|Any CPU.Build.0 = Release|Any CPU
		{2EAB8111-F5D6-498D-8092-62223196B07D}.Debug|Any CPU.ActiveCfg = Debug|Any CPU
		{2EAB8111-F5D6-498D-8092-62223196B07D}.Debug|Any CPU.Build.0 = Debug|Any CPU
		{2EAB8111-F5D6-498D-8092-62223196B07D}.Release|Any CPU.ActiveCfg = Release|Any CPU
		{2EAB8111-F5D6-498D-8092-62223196B07D}.Release|Any CPU.Build.0 = Release|Any CPU
		{C2EF5D40-DC6C-495D-934F-9DB710A5E743}.Debug|Any CPU.ActiveCfg = Debug|Any CPU
		{C2EF5D40-DC6C-495D-934F-9DB710A5E743}.Debug|Any CPU.Build.0 = Debug|Any CPU
		{C2EF5D40-DC6C-495D-934F-9DB710A5E743}.Release|Any CPU.ActiveCfg = Release|Any CPU
		{C2EF5D40-DC6C-495D-934F-9DB710A5E743}.Release|Any CPU.Build.0 = Release|Any CPU
		{78226B06-DDFA-46E2-8247-DB8A8344AE16}.Debug|Any CPU.ActiveCfg = Debug|Any CPU
		{78226B06-DDFA-46E2-8247-DB8A8344AE16}.Debug|Any CPU.Build.0 = Debug|Any CPU
		{78226B06-DDFA-46E2-8247-DB8A8344AE16}.Release|Any CPU.ActiveCfg = Release|Any CPU
		{78226B06-DDFA-46E2-8247-DB8A8344AE16}.Release|Any CPU.Build.0 = Release|Any CPU
		{DD1480D4-254A-445B-A2BA-7149ACB6481C}.Debug|Any CPU.ActiveCfg = Debug|Any CPU
		{DD1480D4-254A-445B-A2BA-7149ACB6481C}.Debug|Any CPU.Build.0 = Debug|Any CPU
		{DD1480D4-254A-445B-A2BA-7149ACB6481C}.Release|Any CPU.ActiveCfg = Release|Any CPU
		{DD1480D4-254A-445B-A2BA-7149ACB6481C}.Release|Any CPU.Build.0 = Release|Any CPU
		{5BBE6ADB-547B-44C4-BE36-D5D8976A2699}.Debug|Any CPU.ActiveCfg = Debug|Any CPU
		{5BBE6ADB-547B-44C4-BE36-D5D8976A2699}.Debug|Any CPU.Build.0 = Debug|Any CPU
		{5BBE6ADB-547B-44C4-BE36-D5D8976A2699}.Release|Any CPU.ActiveCfg = Release|Any CPU
		{5BBE6ADB-547B-44C4-BE36-D5D8976A2699}.Release|Any CPU.Build.0 = Release|Any CPU
	EndGlobalSection
	GlobalSection(SolutionProperties) = preSolution
		HideSolutionNode = FALSE
	EndGlobalSection
	GlobalSection(ExtensibilityGlobals) = postSolution
		SolutionGuid = {22E0D801-91D7-4873-91DF-295C7A7FAD74}
	EndGlobalSection
EndGlobal
